{
  "object": {
    "pins": [
      {
        "package": "ClockWise",
        "repositoryURL": "https://github.com/amrangry/ClockWise.git",
        "state": {
          "branch": null,
          "revision": "97b59d46396180f54e4653531339c0d9cf80075d",
          "version": "1.2.3"
        }
      }
    ]
  },
  "version": 1
}
